
Microsoft Visual Studio Solution File, Format Version 12.00
# Visual Studio 15
VisualStudioVersion = 15.0.34320.172
MinimumVisualStudioVersion = 10.0.40219.1
Project("{FAE04EC0-301F-11D3-BF4B-00C04F79EFBC}") = "Pubs", "Pubs\Pubs.csproj", "{38F4DB0A-2236-413A-BEE2-121805947670}"
EndProject
Global
	GlobalSection(SolutionConfigurationPlatforms) = preSolution
		Debug|Any CPU = Debug|Any CPU
		Release|Any CPU = Release|Any CPU
	EndGlobalSection
	GlobalSection(ProjectConfigurationPlatforms) = postSolution
		{38F4DB0A-2236-413A-BEE2-121805947670}.Debug|Any CPU.ActiveCfg = Debug|Any CPU
		{38F4DB0A-2236-413A-BEE2-121805947670}.Debug|Any CPU.Build.0 = Debug|Any CPU
		{38F4DB0A-2236-413A-BEE2-121805947670}.Release|Any CPU.ActiveCfg = Release|Any CPU
		{38F4DB0A-2236-413A-BEE2-121805947670}.Release|Any CPU.Build.0 = Release|Any CPU
	EndGlobalSection
	GlobalSection(SolutionProperties) = preSolution
		HideSolutionNode = FALSE
	EndGlobalSection
	GlobalSection(ExtensibilityGlobals) = postSolution
		SolutionGuid = {00AD82EC-B77D-4ECD-9140-3F3EBF6AE379}
	EndGlobalSection
EndGlobal
